// !$*UTF8*$!
{
	archiveVersion = 1;
	classes = {
	};
	objectVersion = 77;
	objects = {

/* Begin PBXBuildFile section */
		443A56D92E052E2B0051249E /* CoreLocation.framework in Frameworks */ = {isa = PBXBuildFile; fileRef = 443A56D82E052E2B0051249E /* CoreLocation.framework */; };
		443A56DB2E0531E60051249E /* MapKit.framework in Frameworks */ = {isa = PBXBuildFile; fileRef = 443A56DA2E0531E60051249E /* MapKit.framework */; };
/* End PBXBuildFile section */

/* Begin PBXContainerItemProxy section */
		443A56B82E052D350051249E /* PBXContainerItemProxy */ = {
			isa = PBXContainerItemProxy;
			containerPortal = 443A56992E052D330051249E /* Project object */;
			proxyType = 1;
			remoteGlobalIDString = 443A56A02E052D330051249E;
			remoteInfo = MyLocationDemo;
		};
		443A56C22E052D350051249E /* PBXContainerItemProxy */ = {
			isa = PBXContainerItemProxy;
			containerPortal = 443A56992E052D330051249E /* Project object */;
			proxyType = 1;
			remoteGlobalIDString = 443A56A02E052D330051249E;
			remoteInfo = MyLocationDemo;
		};
/* End PBXContainerItemProxy section */

/* Begin PBXFileReference section */
		443A56A12E052D330051249E /* MyLocationDemo.app */ = {isa = PBXFileReference; explicitFileType = wrapper.application; includeInIndex = 0; path = MyLocationDemo.app; sourceTree = BUILT_PRODUCTS_DIR; };
		443A56B72E052D350051249E /* MyLocationDemoTests.xctest */ = {isa = PBXFileReference; explicitFileType = wrapper.cfbundle; includeInIndex = 0; path = MyLocationDemoTests.xctest; sourceTree = BUILT_PRODUCTS_DIR; };
		443A56C12E052D350051249E /* MyLocationDemoUITests.xctest */ = {isa = PBXFileReference; explicitFileType = wrapper.cfbundle; includeInIndex = 0; path = MyLocationDemoUITests.xctest; sourceTree = BUILT_PRODUCTS_DIR; };
		443A56D82E052E2B0051249E /* CoreLocation.framework */ = {isa = PBXFileReference; lastKnownFileType = wrapper.framework; name = CoreLocation.framework; path = System/Library/Frameworks/CoreLocation.framework; sourceTree = SDKROOT; };
		443A56DA2E0531E60051249E /* MapKit.framework */ = {isa = PBXFileReference; lastKnownFileType = wrapper.framework; name = MapKit.framework; path = System/Library/Frameworks/MapKit.framework; sourceTree = SDKROOT; };
/* End PBXFileReference section */

/* Begin PBXFileSystemSynchronizedBuildFileExceptionSet section */
		443A56C92E052D350051249E /* Exceptions for "MyLocationDemo" folder in "MyLocationDemo" target */ = {
			isa = PBXFileSystemSynchronizedBuildFileExceptionSet;
			membershipExceptions = (
				Info.plist,
			);
			target = 443A56A02E052D330051249E /* MyLocationDemo */;
		};
/* End PBXFileSystemSynchronizedBuildFileExceptionSet section */

/* Begin PBXFileSystemSynchronizedRootGroup section */
		443A56A32E052D330051249E /* MyLocationDemo */ = {
			isa = PBXFileSystemSynchronizedRootGroup;
			exceptions = (
				443A56C92E052D350051249E /* Exceptions for "MyLocationDemo" folder in "MyLocationDemo" target */,
			);
			path = MyLocationDemo;
			sourceTree = "<group>";
		};
		443A56BA2E052D350051249E /* MyLocationDemoTests */ = {
			isa = PBXFileSystemSynchronizedRootGroup;
			path = MyLocationDemoTests;
			sourceTree = "<group>";
		};
		443A56C42E052D350051249E /* MyLocationDemoUITests */ = {
			isa = PBXFileSystemSynchronizedRootGroup;
			path = MyLocationDemoUITests;
			sourceTree = "<group>";
		};
/* End PBXFileSystemSynchronizedRootGroup section */

/* Begin PBXFrameworksBuildPhase section */
		443A569E2E052D330051249E /* Frameworks */ = {
			isa = PBXFrameworksBuildPhase;
			buildActionMask = 2147483647;
			files = (
				443A56DB2E0531E60051249E /* MapKit.framework in Frameworks */,
				443A56D92E052E2B0051249E /* CoreLocation.framework in Frameworks */,
			);
			runOnlyForDeploymentPostprocessing = 0;
		};
		443A56B42E052D350051249E /* Frameworks */ = {
			isa = PBXFrameworksBuildPhase;
			buildActionMask = 2147483647;
			files = (
			);
			runOnlyForDeploymentPostprocessing = 0;
		};
		443A56BE2E052D350051249E /* Frameworks */ = {
			isa = PBXFrameworksBuildPhase;
			buildActionMask = 2147483647;
			files = (
			);
			runOnlyForDeploymentPostprocessing = 0;
		};
/* End PBXFrameworksBuildPhase section */

/* Begin PBXGroup section */
		443A56982E052D330051249E = {
			isa = PBXGroup;
			children = (
				443A56A32E052D330051249E /* MyLocationDemo */,
				443A56BA2E052D350051249E /* MyLocationDemoTests */,
				443A56C42E052D350051249E /* MyLocationDemoUITests */,
				443A56D72E052E2A0051249E /* Frameworks */,
				443A56A22E052D330051249E /* Products */,
			);
			sourceTree = "<group>";
		};
		443A56A22E052D330051249E /* Products */ = {
			isa = PBXGroup;
			children = (
				443A56A12E052D330051249E /* MyLocationDemo.app */,
				443A56B72E052D350051249E /* MyLocationDemoTests.xctest */,
				443A56C12E052D350051249E /* MyLocationDemoUITests.xctest */,
			);
			name = Products;
			sourceTree = "<group>";
		};
		443A56D72E052E2A0051249E /* Frameworks */ = {
			isa = PBXGroup;
			children = (
				443A56DA2E0531E60051249E /* MapKit.framework */,
				443A56D82E052E2B0051249E /* CoreLocation.framework */,
			);
			name = Frameworks;
			sourceTree = "<group>";
		};
/* End PBXGroup section */

/* Begin PBXNativeTarget section */
		443A56A02E052D330051249E /* MyLocationDemo */ = {
			isa = PBXNativeTarget;
			buildConfigurationList = 443A56CA2E052D350051249E /* Build configuration list for PBXNativeTarget "MyLocationDemo" */;
			buildPhases = (
				443A569D2E052D330051249E /* Sources */,
				443A569E2E052D330051249E /* Frameworks */,
				443A569F2E052D330051249E /* Resources */,
			);
			buildRules = (
			);
			dependencies = (
			);
			fileSystemSynchronizedGroups = (
				443A56A32E052D330051249E /* MyLocationDemo */,
			);
			name = MyLocationDemo;
			packageProductDependencies = (
			);
			productName = MyLocationDemo;
			productReference = 443A56A12E052D330051249E /* MyLocationDemo.app */;
			productType = "com.apple.product-type.application";
		};
		443A56B62E052D350051249E /* MyLocationDemoTests */ = {
			isa = PBXNativeTarget;
			buildConfigurationList = 443A56CF2E052D350051249E /* Build configuration list for PBXNativeTarget "MyLocationDemoTests" */;
			buildPhases = (
				443A56B32E052D350051249E /* Sources */,
				443A56B42E052D350051249E /* Frameworks */,
				443A56B52E052D350051249E /* Resources */,
			);
			buildRules = (
			);
			dependencies = (
				443A56B92E052D350051249E /* PBXTargetDependency */,
			);
			fileSystemSynchronizedGroups = (
				443A56BA2E052D350051249E /* MyLocationDemoTests */,
			);
			name = MyLocationDemoTests;
			packageProductDependencies = (
			);
			productName = MyLocationDemoTests;
			productReference = 443A56B72E052D350051249E /* MyLocationDemoTests.xctest */;
			productType = "com.apple.product-type.bundle.unit-test";
		};
		443A56C02E052D350051249E /* MyLocationDemoUITests */ = {
			isa = PBXNativeTarget;
			buildConfigurationList = 443A56D22E052D350051249E /* Build configuration list for PBXNativeTarget "MyLocationDemoUITests" */;
			buildPhases = (
				443A56BD2E052D350051249E /* Sources */,
				443A56BE2E052D350051249E /* Frameworks */,
				443A56BF2E052D350051249E /* Resources */,
			);
			buildRules = (
			);
			dependencies = (
				443A56C32E052D350051249E /* PBXTargetDependency */,
			);
			fileSystemSynchronizedGroups = (
				443A56C42E052D350051249E /* MyLocationDemoUITests */,
			);
			name = MyLocationDemoUITests;
			packageProductDependencies = (
			);
			productName = MyLocationDemoUITests;
			productReference = 443A56C12E052D350051249E /* MyLocationDemoUITests.xctest */;
			productType = "com.apple.product-type.bundle.ui-testing";
		};
/* End PBXNativeTarget section */

/* Begin PBXProject section */
		443A56992E052D330051249E /* Project object */ = {
			isa = PBXProject;
			attributes = {
				BuildIndependentTargetsInParallel = 1;
				LastSwiftUpdateCheck = 1610;
				LastUpgradeCheck = 1610;
				TargetAttributes = {
					443A56A02E052D330051249E = {
						CreatedOnToolsVersion = 16.1;
					};
					443A56B62E052D350051249E = {
						CreatedOnToolsVersion = 16.1;
						TestTargetID = 443A56A02E052D330051249E;
					};
					443A56C02E052D350051249E = {
						CreatedOnToolsVersion = 16.1;
						TestTargetID = 443A56A02E052D330051249E;
					};
				};
			};
			buildConfigurationList = 443A569C2E052D330051249E /* Build configuration list for PBXProject "MyLocationDemo" */;
			developmentRegion = en;
			hasScannedForEncodings = 0;
			knownRegions = (
				en,
				Base,
			);
			mainGroup = 443A56982E052D330051249E;
			minimizedProjectReferenceProxies = 1;
			preferredProjectObjectVersion = 77;
			productRefGroup = 443A56A22E052D330051249E /* Products */;
			projectDirPath = "";
			projectRoot = "";
			targets = (
				443A56A02E052D330051249E /* MyLocationDemo */,
				443A56B62E052D350051249E /* MyLocationDemoTests */,
				443A56C02E052D350051249E /* MyLocationDemoUITests */,
			);
		};
/* End PBXProject section */

/* Begin PBXResourcesBuildPhase section */
		443A569F2E052D330051249E /* Resources */ = {
			isa = PBXResourcesBuildPhase;
			buildActionMask = 2147483647;
			files = (
			);
			runOnlyForDeploymentPostprocessing = 0;
		};
		443A56B52E052D350051249E /* Resources */ = {
			isa = PBXResourcesBuildPhase;
			buildActionMask = 2147483647;
			files = (
			);
			runOnlyForDeploymentPostprocessing = 0;
		};
		443A56BF2E052D350051249E /* Resources */ = {
			isa = PBXResourcesBuildPhase;
			buildActionMask = 2147483647;
			files = (
			);
			runOnlyForDeploymentPostprocessing = 0;
		};
/* End PBXResourcesBuildPhase section */

/* Begin PBXSourcesBuildPhase section */
		443A569D2E052D330051249E /* Sources */ = {
			isa = PBXSourcesBuildPhase;
			buildActionMask = 2147483647;
			files = (
			);
			runOnlyForDeploymentPostprocessing = 0;
		};
		443A56B32E052D350051249E /* Sources */ = {
			isa = PBXSourcesBuildPhase;
			buildActionMask = 2147483647;
			files = (
			);
			runOnlyForDeploymentPostprocessing = 0;
		};
		443A56BD2E052D350051249E /* Sources */ = {
			isa = PBXSourcesBuildPhase;
			buildActionMask = 2147483647;
			files = (
			);
			runOnlyForDeploymentPostprocessing = 0;
		};
/* End PBXSourcesBuildPhase section */

/* Begin PBXTargetDependency section */
		443A56B92E052D350051249E /* PBXTargetDependency */ = {
			isa = PBXTargetDependency;
			target = 443A56A02E052D330051249E /* MyLocationDemo */;
			targetProxy = 443A56B82E052D350051249E /* PBXContainerItemProxy */;
		};
		443A56C32E052D350051249E /* PBXTargetDependency */ = {
			isa = PBXTargetDependency;
			target = 443A56A02E052D330051249E /* MyLocationDemo */;
			targetProxy = 443A56C22E052D350051249E /* PBXContainerItemProxy */;
		};
/* End PBXTargetDependency section */

/* Begin XCBuildConfiguration section */
		443A56CB2E052D350051249E /* Debug */ = {
			isa = XCBuildConfiguration;
			buildSettings = {
				ASSETCATALOG_COMPILER_APPICON_NAME = AppIcon;
				ASSETCATALOG_COMPILER_GLOBAL_ACCENT_COLOR_NAME = AccentColor;
				CODE_SIGN_STYLE = Automatic;
				CURRENT_PROJECT_VERSION = 1;
				DEVELOPMENT_TEAM = 87EYDRPHG8;
				GENERATE_INFOPLIST_FILE = YES;
				INFOPLIST_FILE = MyLocationDemo/Info.plist;
				INFOPLIST_KEY_UIApplicationSupportsIndirectInputEvents = YES;
				INFOPLIST_KEY_UILaunchStoryboardName = LaunchScreen;
				INFOPLIST_KEY_UIMainStoryboardFile = Main;
				INFOPLIST_KEY_UISupportedInterfaceOrientations_iPad = "UIInterfaceOrientationPortrait UIInterfaceOrientationPortraitUpsideDown UIInterfaceOrientationLandscapeLeft UIInterfaceOrientationLandscapeRight";
				INFOPLIST_KEY_UISupportedInterfaceOrientations_iPhone = "UIInterfaceOrientationPortrait UIInterfaceOrientationLandscapeLeft UIInterfaceOrientationLandscapeRight";
				LD_RUNPATH_SEARCH_PATHS = (
					"$(inherited)",
					"@executable_path/Frameworks",
				);
				MARKETING_VERSION = 1.0;
				PRODUCT_BUNDLE_IDENTIFIER = com.TestProject.MyLocationDemo;
				PRODUCT_NAME = "$(TARGET_NAME)";
				SWIFT_EMIT_LOC_STRINGS = YES;
				SWIFT_VERSION = 5.0;
				TARGETED_DEVICE_FAMILY = "1,2";
			};
			name = Debug;
		};
		443A56CC2E052D350051249E /* Release */ = {
			isa = XCBuildConfiguration;
			buildSettings = {
				ASSETCATALOG_COMPILER_APPICON_NAME = AppIcon;
				ASSETCATALOG_COMPILER_GLOBAL_ACCENT_COLOR_NAME = AccentColor;
				CODE_SIGN_STYLE = Automatic;
				CURRENT_PROJECT_VERSION = 1;
				DEVELOPMENT_TEAM = 87EYDRPHG8;
				GENERATE_INFOPLIST_FILE = YES;
				INFOPLIST_FILE = MyLocationDemo/Info.plist;
				INFOPLIST_KEY_UIApplicationSupportsIndirectInputEvents = YES;
				INFOPLIST_KEY_UILaunchStoryboardName = LaunchScreen;
				INFOPLIST_KEY_UIMainStoryboardFile = Main;
				INFOPLIST_KEY_UISupportedInterfaceOrientations_iPad = "UIInterfaceOrientationPortrait UIInterfaceOrientationPortraitUpsideDown UIInterfaceOrientationLandscapeLeft UIInterfaceOrientationLandscapeRight";
				INFOPLIST_KEY_UISupportedInterfaceOrientations_iPhone = "UIInterfaceOrientationPortrait UIInterfaceOrientationLandscapeLeft UIInterfaceOrientationLandscapeRight";
				LD_RUNPATH_SEARCH_PATHS = (
					"$(inherited)",
					"@executable_path/Frameworks",
				);
				MARKETING_VERSION = 1.0;
				PRODUCT_BUNDLE_IDENTIFIER = com.TestProject.MyLocationDemo;
				PRODUCT_NAME = "$(TARGET_NAME)";
				SWIFT_EMIT_LOC_STRINGS = YES;
				SWIFT_VERSION = 5.0;
				TARGETED_DEVICE_FAMILY = "1,2";
			};
			name = Release;
		};
		443A56CD2E052D350051249E /* Debug */ = {
			isa = XCBuildConfiguration;
			buildSettings = {
				ALWAYS_SEARCH_USER_PATHS = NO;
				ASSETCATALOG_COMPILER_GENERATE_SWIFT_ASSET_SYMBOL_EXTENSIONS = YES;
				CLANG_ANALYZER_NONNULL = YES;
				CLANG_ANALYZER_NUMBER_OBJECT_CONVERSION = YES_AGGRESSIVE;
				CLANG_CXX_LANGUAGE_STANDARD = "gnu++20";
				CLANG_ENABLE_MODULES = YES;
				CLANG_ENABLE_OBJC_ARC = YES;
				CLANG_ENABLE_OBJC_WEAK = YES;
				CLANG_WARN_BLOCK_CAPTURE_AUTORELEASING = YES;
				CLANG_WARN_BOOL_CONVERSION = YES;
				CLANG_WARN_COMMA = YES;
				CLANG_WARN_CONSTANT_CONVERSION = YES;
				CLANG_WARN_DEPRECATED_OBJC_IMPLEMENTATIONS = YES;
				CLANG_WARN_DIRECT_OBJC_ISA_USAGE = YES_ERROR;
				CLANG_WARN_DOCUMENTATION_COMMENTS = YES;
				CLANG_WARN_EMPTY_BODY = YES;
				CLANG_WARN_ENUM_CONVERSION = YES;
				CLANG_WARN_INFINITE_RECURSION = YES;
				CLANG_WARN_INT_CONVERSION = YES;
				CLANG_WARN_NON_LITERAL_NULL_CONVERSION = YES;
				CLANG_WARN_OBJC_IMPLICIT_RETAIN_SELF = YES;
				CLANG_WARN_OBJC_LITERAL_CONVERSION = YES;
				CLANG_WARN_OBJC_ROOT_CLASS = YES_ERROR;
				CLANG_WARN_QUOTED_INCLUDE_IN_FRAMEWORK_HEADER = YES;
				CLANG_WARN_RANGE_LOOP_ANALYSIS = YES;
				CLANG_WARN_STRICT_PROTOTYPES = YES;
				CLANG_WARN_SUSPICIOUS_MOVE = YES;
				CLANG_WARN_UNGUARDED_AVAILABILITY = YES_AGGRESSIVE;
				CLANG_WARN_UNREACHABLE_CODE = YES;
				CLANG_WARN__DUPLICATE_METHOD_MATCH = YES;
				COPY_PHASE_STRIP = NO;
				DEBUG_INFORMATION_FORMAT = dwarf;
				ENABLE_STRICT_OBJC_MSGSEND = YES;
				ENABLE_TESTABILITY = YES;
				ENABLE_USER_SCRIPT_SANDBOXING = YES;
				GCC_C_LANGUAGE_STANDARD = gnu17;
				GCC_DYNAMIC_NO_PIC = NO;
				GCC_NO_COMMON_BLOCKS = YES;
				GCC_OPTIMIZATION_LEVEL = 0;
				GCC_PREPROCESSOR_DEFINITIONS = (
					"DEBUG=1",
					"$(inherited)",
				);
				GCC_WARN_64_TO_32_BIT_CONVERSION = YES;
				GCC_WARN_ABOUT_RETURN_TYPE = YES_ERROR;
				GCC_WARN_UNDECLARED_SELECTOR = YES;
				GCC_WARN_UNINITIALIZED_AUTOS = YES_AGGRESSIVE;
				GCC_WARN_UNUSED_FUNCTION = YES;
				GCC_WARN_UNUSED_VARIABLE = YES;
				IPHONEOS_DEPLOYMENT_TARGET = 18.1;
				LOCALIZATION_PREFERS_STRING_CATALOGS = YES;
				MTL_ENABLE_DEBUG_INFO = INCLUDE_SOURCE;
				MTL_FAST_MATH = YES;
				ONLY_ACTIVE_ARCH = YES;
				SDKROOT = iphoneos;
				SWIFT_ACTIVE_COMPILATION_CONDITIONS = "DEBUG $(inherited)";
				SWIFT_OPTIMIZATION_LEVEL = "-Onone";
			};
			name = Debug;
		};
		443A56CE2E052D350051249E /* Release */ = {
			isa = XCBuildConfiguration;
			buildSettings = {
				ALWAYS_SEARCH_USER_PATHS = NO;
				ASSETCATALOG_COMPILER_GENERATE_SWIFT_ASSET_SYMBOL_EXTENSIONS = YES;
				CLANG_ANALYZER_NONNULL = YES;
				CLANG_ANALYZER_NUMBER_OBJECT_CONVERSION = YES_AGGRESSIVE;
				CLANG_CXX_LANGUAGE_STANDARD = "gnu++20";
				CLANG_ENABLE_MODULES = YES;
				CLANG_ENABLE_OBJC_ARC = YES;
				CLANG_ENABLE_OBJC_WEAK = YES;
				CLANG_WARN_BLOCK_CAPTURE_AUTORELEASING = YES;
				CLANG_WARN_BOOL_CONVERSION = YES;
				CLANG_WARN_COMMA = YES;
				CLANG_WARN_CONSTANT_CONVERSION = YES;
				CLANG_WARN_DEPRECATED_OBJC_IMPLEMENTATIONS = YES;
				CLANG_WARN_DIRECT_OBJC_ISA_USAGE = YES_ERROR;
				CLANG_WARN_DOCUMENTATION_COMMENTS = YES;
				CLANG_WARN_EMPTY_BODY = YES;
				CLANG_WARN_ENUM_CONVERSION = YES;
				CLANG_WARN_INFINITE_RECURSION = YES;
				CLANG_WARN_INT_CONVERSION = YES;
				CLANG_WARN_NON_LITERAL_NULL_CONVERSION = YES;
				CLANG_WARN_OBJC_IMPLICIT_RETAIN_SELF = YES;
				CLANG_WARN_OBJC_LITERAL_CONVERSION = YES;
				CLANG_WARN_OBJC_ROOT_CLASS = YES_ERROR;
				CLANG_WARN_QUOTED_INCLUDE_IN_FRAMEWORK_HEADER = YES;
				CLANG_WARN_RANGE_LOOP_ANALYSIS = YES;
				CLANG_WARN_STRICT_PROTOTYPES = YES;
				CLANG_WARN_SUSPICIOUS_MOVE = YES;
				CLANG_WARN_UNGUARDED_AVAILABILITY = YES_AGGRESSIVE;
				CLANG_WARN_UNREACHABLE_CODE = YES;
				CLANG_WARN__DUPLICATE_METHOD_MATCH = YES;
				COPY_PHASE_STRIP = NO;
				DEBUG_INFORMATION_FORMAT = "dwarf-with-dsym";
				ENABLE_NS_ASSERTIONS = NO;
				ENABLE_STRICT_OBJC_MSGSEND = YES;
				ENABLE_USER_SCRIPT_SANDBOXING = YES;
				GCC_C_LANGUAGE_STANDARD = gnu17;
				GCC_NO_COMMON_BLOCKS = YES;
				GCC_WARN_64_TO_32_BIT_CONVERSION = YES;
				GCC_WARN_ABOUT_RETURN_TYPE = YES_ERROR;
				GCC_WARN_UNDECLARED_SELECTOR = YES;
				GCC_WARN_UNINITIALIZED_AUTOS = YES_AGGRESSIVE;
				GCC_WARN_UNUSED_FUNCTION = YES;
				GCC_WARN_UNUSED_VARIABLE = YES;
				IPHONEOS_DEPLOYMENT_TARGET = 18.1;
				LOCALIZATION_PREFERS_STRING_CATALOGS = YES;
				MTL_ENABLE_DEBUG_INFO = NO;
				MTL_FAST_MATH = YES;
				SDKROOT = iphoneos;
				SWIFT_COMPILATION_MODE = wholemodule;
				VALIDATE_PRODUCT = YES;
			};
			name = Release;
		};
		443A56D02E052D350051249E /* Debug */ = {
			isa = XCBuildConfiguration;
			buildSettings = {
				BUNDLE_LOADER = "$(TEST_HOST)";
				CODE_SIGN_STYLE = Automatic;
				CURRENT_PROJECT_VERSION = 1;
				DEVELOPMENT_TEAM = 87EYDRPHG8;
				GENERATE_INFOPLIST_FILE = YES;
				IPHONEOS_DEPLOYMENT_TARGET = 18.1;
				MARKETING_VERSION = 1.0;
				PRODUCT_BUNDLE_IDENTIFIER = com.TestProject.MyLocationDemoTests;
				PRODUCT_NAME = "$(TARGET_NAME)";
				SWIFT_EMIT_LOC_STRINGS = NO;
				SWIFT_VERSION = 5.0;
				TARGETED_DEVICE_FAMILY = "1,2";
				TEST_HOST = "$(BUILT_PRODUCTS_DIR)/MyLocationDemo.app/$(BUNDLE_EXECUTABLE_FOLDER_PATH)/MyLocationDemo";
			};
			name = Debug;
		};
		443A56D12E052D350051249E /* Release */ = {
			isa = XCBuildConfiguration;
			buildSettings = {
				BUNDLE_LOADER = "$(TEST_HOST)";
				CODE_SIGN_STYLE = Automatic;
				CURRENT_PROJECT_VERSION = 1;
				DEVELOPMENT_TEAM = 87EYDRPHG8;
				GENERATE_INFOPLIST_FILE = YES;
				IPHONEOS_DEPLOYMENT_TARGET = 18.1;
				MARKETING_VERSION = 1.0;
				PRODUCT_BUNDLE_IDENTIFIER = com.TestProject.MyLocationDemoTests;
				PRODUCT_NAME = "$(TARGET_NAME)";
				SWIFT_EMIT_LOC_STRINGS = NO;
				SWIFT_VERSION = 5.0;
				TARGETED_DEVICE_FAMILY = "1,2";
				TEST_HOST = "$(BUILT_PRODUCTS_DIR)/MyLocationDemo.app/$(BUNDLE_EXECUTABLE_FOLDER_PATH)/MyLocationDemo";
			};
			name = Release;
		};
		443A56D32E052D350051249E /* Debug */ = {
			isa = XCBuildConfiguration;
			buildSettings = {
				CODE_SIGN_STYLE = Automatic;
				CURRENT_PROJECT_VERSION = 1;
				DEVELOPMENT_TEAM = 87EYDRPHG8;
				GENERATE_INFOPLIST_FILE = YES;
				MARKETING_VERSION = 1.0;
				PRODUCT_BUNDLE_IDENTIFIER = com.TestProject.MyLocationDemoUITests;
				PRODUCT_NAME = "$(TARGET_NAME)";
				SWIFT_EMIT_LOC_STRINGS = NO;
				SWIFT_VERSION = 5.0;
				TARGETED_DEVICE_FAMILY = "1,2";
				TEST_TARGET_NAME = MyLocationDemo;
			};
			name = Debug;
		};
		443A56D42E052D350051249E /* Release */ = {
			isa = XCBuildConfiguration;
			buildSettings = {
				CODE_SIGN_STYLE = Automatic;
				CURRENT_PROJECT_VERSION = 1;
				DEVELOPMENT_TEAM = 87EYDRPHG8;
				GENERATE_INFOPLIST_FILE = YES;
				MARKETING_VERSION = 1.0;
				PRODUCT_BUNDLE_IDENTIFIER = com.TestProject.MyLocationDemoUITests;
				PRODUCT_NAME = "$(TARGET_NAME)";
				SWIFT_EMIT_LOC_STRINGS = NO;
				SWIFT_VERSION = 5.0;
				TARGETED_DEVICE_FAMILY = "1,2";
				TEST_TARGET_NAME = MyLocationDemo;
			};
			name = Release;
		};
/* End XCBuildConfiguration section */

/* Begin XCConfigurationList section */
		443A569C2E052D330051249E /* Build configuration list for PBXProject "MyLocationDemo" */ = {
			isa = XCConfigurationList;
			buildConfigurations = (
				443A56CD2E052D350051249E /* Debug */,
				443A56CE2E052D350051249E /* Release */,
			);
			defaultConfigurationIsVisible = 0;
			defaultConfigurationName = Release;
		};
		443A56CA2E052D350051249E /* Build configuration list for PBXNativeTarget "MyLocationDemo" */ = {
			isa = XCConfigurationList;
			buildConfigurations = (
				443A56CB2E052D350051249E /* Debug */,
				443A56CC2E052D350051249E /* Release */,
			);
			defaultConfigurationIsVisible = 0;
			defaultConfigurationName = Release;
		};
		443A56CF2E052D350051249E /* Build configuration list for PBXNativeTarget "MyLocationDemoTests" */ = {
			isa = XCConfigurationList;
			buildConfigurations = (
				443A56D02E052D350051249E /* Debug */,
				443A56D12E052D350051249E /* Release */,
			);
			defaultConfigurationIsVisible = 0;
			defaultConfigurationName = Release;
		};
		443A56D22E052D350051249E /* Build configuration list for PBXNativeTarget "MyLocationDemoUITests" */ = {
			isa = XCConfigurationList;
			buildConfigurations = (
				443A56D32E052D350051249E /* Debug */,
				443A56D42E052D350051249E /* Release */,
			);
			defaultConfigurationIsVisible = 0;
			defaultConfigurationName = Release;
		};
/* End XCConfigurationList section */
	};
	rootObject = 443A56992E052D330051249E /* Project object */;
}
